// !$*UTF8*$!
{
	archiveVersion = 1;
	classes = {
	};
	objectVersion = 46;
	objects = {

/* Begin PBXBuildFile section */
		21E42C63FFD93124535C910C /* libPods-DQPlayer.a in Frameworks */ = {isa = PBXBuildFile; fileRef = C986E3B7BC9EF22E5D3B02B4 /* libPods-DQPlayer.a */; };
		295FCBB91E55A220008DBEE7 /* main.m in Sources */ = {isa = PBXBuildFile; fileRef = 295FCBB81E55A220008DBEE7 /* main.m */; };
		295FCBBC1E55A220008DBEE7 /* AppDelegate.m in Sources */ = {isa = PBXBuildFile; fileRef = 295FCBBB1E55A220008DBEE7 /* AppDelegate.m */; };
		295FCBBF1E55A220008DBEE7 /* ViewController.m in Sources */ = {isa = PBXBuildFile; fileRef = 295FCBBE1E55A220008DBEE7 /* ViewController.m */; };
		295FCBC21E55A220008DBEE7 /* Main.storyboard in Resources */ = {isa = PBXBuildFile; fileRef = 295FCBC01E55A220008DBEE7 /* Main.storyboard */; };
		295FCBC51E55A220008DBEE7 /* DQPlayer.xcdatamodeld in Sources */ = {isa = PBXBuildFile; fileRef = 295FCBC31E55A220008DBEE7 /* DQPlayer.xcdatamodeld */; };
		295FCBC71E55A220008DBEE7 /* Assets.xcassets in Resources */ = {isa = PBXBuildFile; fileRef = 295FCBC61E55A220008DBEE7 /* Assets.xcassets */; };
		295FCBCA1E55A220008DBEE7 /* LaunchScreen.storyboard in Resources */ = {isa = PBXBuildFile; fileRef = 295FCBC81E55A220008DBEE7 /* LaunchScreen.storyboard */; };
		295FCBD31E55A572008DBEE7 /* DQVideoPlayerView.m in Sources */ = {isa = PBXBuildFile; fileRef = 295FCBD21E55A572008DBEE7 /* DQVideoPlayerView.m */; };
		295FCBD61E56CB11008DBEE7 /* DQVideoTableViewCell.m in Sources */ = {isa = PBXBuildFile; fileRef = 295FCBD51E56CB11008DBEE7 /* DQVideoTableViewCell.m */; };
		295FCBD91E56E2C2008DBEE7 /* DQVideoModel.m in Sources */ = {isa = PBXBuildFile; fileRef = 295FCBD81E56E2C2008DBEE7 /* DQVideoModel.m */; };
		295FCBDB1E56FB78008DBEE7 /* QQ20170217-165908.mp4 in Resources */ = {isa = PBXBuildFile; fileRef = 295FCBDA1E56FB78008DBEE7 /* QQ20170217-165908.mp4 */; };
		298D1F8F1E5C45EF001F77FD /* DQNavigationController.m in Sources */ = {isa = PBXBuildFile; fileRef = 298D1F8E1E5C45EF001F77FD /* DQNavigationController.m */; };
		298D1F921E5C46C2001F77FD /* DQRootViewController.m in Sources */ = {isa = PBXBuildFile; fileRef = 298D1F911E5C46C2001F77FD /* DQRootViewController.m */; };
/* End PBXBuildFile section */

/* Begin PBXFileReference section */
		07942CF59C52DCB9529F340F /* Pods-DQPlayer.release.xcconfig */ = {isa = PBXFileReference; includeInIndex = 1; lastKnownFileType = text.xcconfig; name = "Pods-DQPlayer.release.xcconfig"; path = "Pods/Target Support Files/Pods-DQPlayer/Pods-DQPlayer.release.xcconfig"; sourceTree = "<group>"; };
		295FCBB41E55A220008DBEE7 /* DQPlayer.app */ = {isa = PBXFileReference; explicitFileType = wrapper.application; includeInIndex = 0; path = DQPlayer.app; sourceTree = BUILT_PRODUCTS_DIR; };
		295FCBB81E55A220008DBEE7 /* main.m */ = {isa = PBXFileReference; lastKnownFileType = sourcecode.c.objc; path = main.m; sourceTree = "<group>"; };
		295FCBBA1E55A220008DBEE7 /* AppDelegate.h */ = {isa = PBXFileReference; lastKnownFileType = sourcecode.c.h; path = AppDelegate.h; sourceTree = "<group>"; };
		295FCBBB1E55A220008DBEE7 /* AppDelegate.m */ = {isa = PBXFileReference; lastKnownFileType = sourcecode.c.objc; path = AppDelegate.m; sourceTree = "<group>"; };
		295FCBBD1E55A220008DBEE7 /* ViewController.h */ = {isa = PBXFileReference; lastKnownFileType = sourcecode.c.h; path = ViewController.h; sourceTree = "<group>"; };
		295FCBBE1E55A220008DBEE7 /* ViewController.m */ = {isa = PBXFileReference; lastKnownFileType = sourcecode.c.objc; path = ViewController.m; sourceTree = "<group>"; };
		295FCBC11E55A220008DBEE7 /* Base */ = {isa = PBXFileReference; lastKnownFileType = file.storyboard; name = Base; path = Base.lproj/Main.storyboard; sourceTree = "<group>"; };
		295FCBC41E55A220008DBEE7 /* DQPlayer.xcdatamodel */ = {isa = PBXFileReference; lastKnownFileType = wrapper.xcdatamodel; path = DQPlayer.xcdatamodel; sourceTree = "<group>"; };
		295FCBC61E55A220008DBEE7 /* Assets.xcassets */ = {isa = PBXFileReference; lastKnownFileType = folder.assetcatalog; path = Assets.xcassets; sourceTree = "<group>"; };
		295FCBC91E55A220008DBEE7 /* Base */ = {isa = PBXFileReference; lastKnownFileType = file.storyboard; name = Base; path = Base.lproj/LaunchScreen.storyboard; sourceTree = "<group>"; };
		295FCBCB1E55A220008DBEE7 /* Info.plist */ = {isa = PBXFileReference; lastKnownFileType = text.plist.xml; path = Info.plist; sourceTree = "<group>"; };
		295FCBD11E55A572008DBEE7 /* DQVideoPlayerView.h */ = {isa = PBXFileReference; fileEncoding = 4; lastKnownFileType = sourcecode.c.h; path = DQVideoPlayerView.h; sourceTree = "<group>"; };
		295FCBD21E55A572008DBEE7 /* DQVideoPlayerView.m */ = {isa = PBXFileReference; fileEncoding = 4; lastKnownFileType = sourcecode.c.objc; path = DQVideoPlayerView.m; sourceTree = "<group>"; };
		295FCBD41E56CB11008DBEE7 /* DQVideoTableViewCell.h */ = {isa = PBXFileReference; fileEncoding = 4; lastKnownFileType = sourcecode.c.h; path = DQVideoTableViewCell.h; sourceTree = "<group>"; };
		295FCBD51E56CB11008DBEE7 /* DQVideoTableViewCell.m */ = {isa = PBXFileReference; fileEncoding = 4; lastKnownFileType = sourcecode.c.objc; path = DQVideoTableViewCell.m; sourceTree = "<group>"; };
		295FCBD71E56E2C2008DBEE7 /* DQVideoModel.h */ = {isa = PBXFileReference; fileEncoding = 4; lastKnownFileType = sourcecode.c.h; path = DQVideoModel.h; sourceTree = "<group>"; };
		295FCBD81E56E2C2008DBEE7 /* DQVideoModel.m */ = {isa = PBXFileReference; fileEncoding = 4; lastKnownFileType = sourcecode.c.objc; path = DQVideoModel.m; sourceTree = "<group>"; };
		295FCBDA1E56FB78008DBEE7 /* QQ20170217-165908.mp4 */ = {isa = PBXFileReference; lastKnownFileType = file; path = "QQ20170217-165908.mp4"; sourceTree = "<group>"; };
		298D1F8D1E5C45EF001F77FD /* DQNavigationController.h */ = {isa = PBXFileReference; fileEncoding = 4; lastKnownFileType = sourcecode.c.h; path = DQNavigationController.h; sourceTree = "<group>"; };
		298D1F8E1E5C45EF001F77FD /* DQNavigationController.m */ = {isa = PBXFileReference; fileEncoding = 4; lastKnownFileType = sourcecode.c.objc; path = DQNavigationController.m; sourceTree = "<group>"; };
		298D1F901E5C46C2001F77FD /* DQRootViewController.h */ = {isa = PBXFileReference; fileEncoding = 4; lastKnownFileType = sourcecode.c.h; path = DQRootViewController.h; sourceTree = "<group>"; };
		298D1F911E5C46C2001F77FD /* DQRootViewController.m */ = {isa = PBXFileReference; fileEncoding = 4; lastKnownFileType = sourcecode.c.objc; path = DQRootViewController.m; sourceTree = "<group>"; };
		8611810649205B2580D8C87A /* Pods-DQPlayer.debug.xcconfig */ = {isa = PBXFileReference; includeInIndex = 1; lastKnownFileType = text.xcconfig; name = "Pods-DQPlayer.debug.xcconfig"; path = "Pods/Target Support Files/Pods-DQPlayer/Pods-DQPlayer.debug.xcconfig"; sourceTree = "<group>"; };
		C986E3B7BC9EF22E5D3B02B4 /* libPods-DQPlayer.a */ = {isa = PBXFileReference; explicitFileType = archive.ar; includeInIndex = 0; path = "libPods-DQPlayer.a"; sourceTree = BUILT_PRODUCTS_DIR; };
/* End PBXFileReference section */

/* Begin PBXFrameworksBuildPhase section */
		295FCBB11E55A220008DBEE7 /* Frameworks */ = {
			isa = PBXFrameworksBuildPhase;
			buildActionMask = 2147483647;
			files = (
				21E42C63FFD93124535C910C /* libPods-DQPlayer.a in Frameworks */,
			);
			runOnlyForDeploymentPostprocessing = 0;
		};
/* End PBXFrameworksBuildPhase section */

/* Begin PBXGroup section */
		295FCBAB1E55A220008DBEE7 = {
			isa = PBXGroup;
			children = (
				295FCBB61E55A220008DBEE7 /* DQPlayer */,
				295FCBB51E55A220008DBEE7 /* Products */,
				481213085BA4D24F25360107 /* Pods */,
				79E1DD8B6813F503D06F9F9A /* Frameworks */,
			);
			sourceTree = "<group>";
		};
		295FCBB51E55A220008DBEE7 /* Products */ = {
			isa = PBXGroup;
			children = (
				295FCBB41E55A220008DBEE7 /* DQPlayer.app */,
			);
			name = Products;
			sourceTree = "<group>";
		};
		295FCBB61E55A220008DBEE7 /* DQPlayer */ = {
			isa = PBXGroup;
			children = (
				295FCBDA1E56FB78008DBEE7 /* QQ20170217-165908.mp4 */,
				295FCBBA1E55A220008DBEE7 /* AppDelegate.h */,
				295FCBBB1E55A220008DBEE7 /* AppDelegate.m */,
				295FCBBD1E55A220008DBEE7 /* ViewController.h */,
				295FCBBE1E55A220008DBEE7 /* ViewController.m */,
				298D1F8D1E5C45EF001F77FD /* DQNavigationController.h */,
				298D1F8E1E5C45EF001F77FD /* DQNavigationController.m */,
				298D1F901E5C46C2001F77FD /* DQRootViewController.h */,
				298D1F911E5C46C2001F77FD /* DQRootViewController.m */,
				295FCBD41E56CB11008DBEE7 /* DQVideoTableViewCell.h */,
				295FCBD51E56CB11008DBEE7 /* DQVideoTableViewCell.m */,
				295FCBD71E56E2C2008DBEE7 /* DQVideoModel.h */,
				295FCBD81E56E2C2008DBEE7 /* DQVideoModel.m */,
				295FCBD11E55A572008DBEE7 /* DQVideoPlayerView.h */,
				295FCBD21E55A572008DBEE7 /* DQVideoPlayerView.m */,
				295FCBC01E55A220008DBEE7 /* Main.storyboard */,
				295FCBC61E55A220008DBEE7 /* Assets.xcassets */,
				295FCBC81E55A220008DBEE7 /* LaunchScreen.storyboard */,
				295FCBCB1E55A220008DBEE7 /* Info.plist */,
				295FCBC31E55A220008DBEE7 /* DQPlayer.xcdatamodeld */,
				295FCBB71E55A220008DBEE7 /* Supporting Files */,
			);
			path = DQPlayer;
			sourceTree = "<group>";
		};
		295FCBB71E55A220008DBEE7 /* Supporting Files */ = {
			isa = PBXGroup;
			children = (
				295FCBB81E55A220008DBEE7 /* main.m */,
			);
			name = "Supporting Files";
			sourceTree = "<group>";
		};
		481213085BA4D24F25360107 /* Pods */ = {
			isa = PBXGroup;
			children = (
				8611810649205B2580D8C87A /* Pods-DQPlayer.debug.xcconfig */,
				07942CF59C52DCB9529F340F /* Pods-DQPlayer.release.xcconfig */,
			);
			name = Pods;
			sourceTree = "<group>";
		};
		79E1DD8B6813F503D06F9F9A /* Frameworks */ = {
			isa = PBXGroup;
			children = (
				C986E3B7BC9EF22E5D3B02B4 /* libPods-DQPlayer.a */,
			);
			name = Frameworks;
			sourceTree = "<group>";
		};
/* End PBXGroup section */

/* Begin PBXNativeTarget section */
		295FCBB31E55A220008DBEE7 /* DQPlayer */ = {
			isa = PBXNativeTarget;
			buildConfigurationList = 295FCBCE1E55A220008DBEE7 /* Build configuration list for PBXNativeTarget "DQPlayer" */;
			buildPhases = (
				DA6450FC0D7E8685D74B3E65 /* [CP] Check Pods Manifest.lock */,
				295FCBB01E55A220008DBEE7 /* Sources */,
				295FCBB11E55A220008DBEE7 /* Frameworks */,
				295FCBB21E55A220008DBEE7 /* Resources */,
				878FA7A211CA0637EF0A37C8 /* [CP] Embed Pods Frameworks */,
				68FDB3ED9843C150778A6230 /* [CP] Copy Pods Resources */,
			);
			buildRules = (
			);
			dependencies = (
			);
			name = DQPlayer;
			productName = DQPlayer;
			productReference = 295FCBB41E55A220008DBEE7 /* DQPlayer.app */;
			productType = "com.apple.product-type.application";
		};
/* End PBXNativeTarget section */

/* Begin PBXProject section */
		295FCBAC1E55A220008DBEE7 /* Project object */ = {
			isa = PBXProject;
			attributes = {
				LastUpgradeCheck = 0810;
				ORGANIZATIONNAME = " lizhongqiang";
				TargetAttributes = {
					295FCBB31E55A220008DBEE7 = {
						CreatedOnToolsVersion = 8.1;
						DevelopmentTeam = T97J2352DH;
						ProvisioningStyle = Automatic;
					};
				};
			};
			buildConfigurationList = 295FCBAF1E55A220008DBEE7 /* Build configuration list for PBXProject "DQPlayer" */;
			compatibilityVersion = "Xcode 3.2";
			developmentRegion = English;
			hasScannedForEncodings = 0;
			knownRegions = (
				en,
				Base,
			);
			mainGroup = 295FCBAB1E55A220008DBEE7;
			productRefGroup = 295FCBB51E55A220008DBEE7 /* Products */;
			projectDirPath = "";
			projectRoot = "";
			targets = (
				295FCBB31E55A220008DBEE7 /* DQPlayer */,
			);
		};
/* End PBXProject section */

/* Begin PBXResourcesBuildPhase section */
		295FCBB21E55A220008DBEE7 /* Resources */ = {
			isa = PBXResourcesBuildPhase;
			buildActionMask = 2147483647;
			files = (
				295FCBDB1E56FB78008DBEE7 /* QQ20170217-165908.mp4 in Resources */,
				295FCBCA1E55A220008DBEE7 /* LaunchScreen.storyboard in Resources */,
				295FCBC71E55A220008DBEE7 /* Assets.xcassets in Resources */,
				295FCBC21E55A220008DBEE7 /* Main.storyboard in Resources */,
			);
			runOnlyForDeploymentPostprocessing = 0;
		};
/* End PBXResourcesBuildPhase section */

/* Begin PBXShellScriptBuildPhase section */
		68FDB3ED9843C150778A6230 /* [CP] Copy Pods Resources */ = {
			isa = PBXShellScriptBuildPhase;
			buildActionMask = 2147483647;
			files = (
			);
			inputPaths = (
			);
			name = "[CP] Copy Pods Resources";
			outputPaths = (
			);
			runOnlyForDeploymentPostprocessing = 0;
			shellPath = /bin/sh;
			shellScript = "\"${SRCROOT}/Pods/Target Support Files/Pods-DQPlayer/Pods-DQPlayer-resources.sh\"\n";
			showEnvVarsInLog = 0;
		};
		878FA7A211CA0637EF0A37C8 /* [CP] Embed Pods Frameworks */ = {
			isa = PBXShellScriptBuildPhase;
			buildActionMask = 2147483647;
			files = (
			);
			inputPaths = (
			);
			name = "[CP] Embed Pods Frameworks";
			outputPaths = (
			);
			runOnlyForDeploymentPostprocessing = 0;
			shellPath = /bin/sh;
			shellScript = "\"${SRCROOT}/Pods/Target Support Files/Pods-DQPlayer/Pods-DQPlayer-frameworks.sh\"\n";
			showEnvVarsInLog = 0;
		};
		DA6450FC0D7E8685D74B3E65 /* [CP] Check Pods Manifest.lock */ = {
			isa = PBXShellScriptBuildPhase;
			buildActionMask = 2147483647;
			files = (
			);
			inputPaths = (
			);
			name = "[CP] Check Pods Manifest.lock";
			outputPaths = (
			);
			runOnlyForDeploymentPostprocessing = 0;
			shellPath = /bin/sh;
			shellScript = "diff \"${PODS_ROOT}/../Podfile.lock\" \"${PODS_ROOT}/Manifest.lock\" > /dev/null\nif [ $? != 0 ] ; then\n    # print error to STDERR\n    echo \"error: The sandbox is not in sync with the Podfile.lock. Run 'pod install' or update your CocoaPods installation.\" >&2\n    exit 1\nfi\n";
			showEnvVarsInLog = 0;
		};
/* End PBXShellScriptBuildPhase section */

/* Begin PBXSourcesBuildPhase section */
		295FCBB01E55A220008DBEE7 /* Sources */ = {
			isa = PBXSourcesBuildPhase;
			buildActionMask = 2147483647;
			files = (
				298D1F8F1E5C45EF001F77FD /* DQNavigationController.m in Sources */,
				295FCBD61E56CB11008DBEE7 /* DQVideoTableViewCell.m in Sources */,
				295FCBD31E55A572008DBEE7 /* DQVideoPlayerView.m in Sources */,
				298D1F921E5C46C2001F77FD /* DQRootViewController.m in Sources */,
				295FCBBF1E55A220008DBEE7 /* ViewController.m in Sources */,
				295FCBBC1E55A220008DBEE7 /* AppDelegate.m in Sources */,
				295FCBB91E55A220008DBEE7 /* main.m in Sources */,
				295FCBD91E56E2C2008DBEE7 /* DQVideoModel.m in Sources */,
				295FCBC51E55A220008DBEE7 /* DQPlayer.xcdatamodeld in Sources */,
			);
			runOnlyForDeploymentPostprocessing = 0;
		};
/* End PBXSourcesBuildPhase section */

/* Begin PBXVariantGroup section */
		295FCBC01E55A220008DBEE7 /* Main.storyboard */ = {
			isa = PBXVariantGroup;
			children = (
				295FCBC11E55A220008DBEE7 /* Base */,
			);
			name = Main.storyboard;
			sourceTree = "<group>";
		};
		295FCBC81E55A220008DBEE7 /* LaunchScreen.storyboard */ = {
			isa = PBXVariantGroup;
			children = (
				295FCBC91E55A220008DBEE7 /* Base */,
			);
			name = LaunchScreen.storyboard;
			sourceTree = "<group>";
		};
/* End PBXVariantGroup section */

/* Begin XCBuildConfiguration section */
		295FCBCC1E55A220008DBEE7 /* Debug */ = {
			isa = XCBuildConfiguration;
			buildSettings = {
				ALWAYS_SEARCH_USER_PATHS = NO;
				CLANG_ANALYZER_NONNULL = YES;
				CLANG_CXX_LANGUAGE_STANDARD = "gnu++0x";
				CLANG_CXX_LIBRARY = "libc++";
				CLANG_ENABLE_MODULES = YES;
				CLANG_ENABLE_OBJC_ARC = YES;
				CLANG_WARN_BOOL_CONVERSION = YES;
				CLANG_WARN_CONSTANT_CONVERSION = YES;
				CLANG_WARN_DIRECT_OBJC_ISA_USAGE = YES_ERROR;
				CLANG_WARN_DOCUMENTATION_COMMENTS = YES;
				CLANG_WARN_EMPTY_BODY = YES;
				CLANG_WARN_ENUM_CONVERSION = YES;
				CLANG_WARN_INFINITE_RECURSION = YES;
				CLANG_WARN_INT_CONVERSION = YES;
				CLANG_WARN_OBJC_ROOT_CLASS = YES_ERROR;
				CLANG_WARN_SUSPICIOUS_MOVES = YES;
				CLANG_WARN_UNREACHABLE_CODE = YES;
				CLANG_WARN__DUPLICATE_METHOD_MATCH = YES;
				"CODE_SIGN_IDENTITY[sdk=iphoneos*]" = "iPhone Developer";
				COPY_PHASE_STRIP = NO;
				DEBUG_INFORMATION_FORMAT = dwarf;
				ENABLE_STRICT_OBJC_MSGSEND = YES;
				ENABLE_TESTABILITY = YES;
				GCC_C_LANGUAGE_STANDARD = gnu99;
				GCC_DYNAMIC_NO_PIC = NO;
				GCC_NO_COMMON_BLOCKS = YES;
				GCC_OPTIMIZATION_LEVEL = 0;
				GCC_PREPROCESSOR_DEFINITIONS = (
					"DEBUG=1",
					"$(inherited)",
				);
				GCC_WARN_64_TO_32_BIT_CONVERSION = YES;
				GCC_WARN_ABOUT_RETURN_TYPE = YES_ERROR;
				GCC_WARN_UNDECLARED_SELECTOR = YES;
				GCC_WARN_UNINITIALIZED_AUTOS = YES_AGGRESSIVE;
				GCC_WARN_UNUSED_FUNCTION = YES;
				GCC_WARN_UNUSED_VARIABLE = YES;
				IPHONEOS_DEPLOYMENT_TARGET = 8.0;
				MTL_ENABLE_DEBUG_INFO = YES;
				ONLY_ACTIVE_ARCH = YES;
				SDKROOT = iphoneos;
			};
			name = Debug;
		};
		295FCBCD1E55A220008DBEE7 /* Release */ = {
			isa = XCBuildConfiguration;
			buildSettings = {
				ALWAYS_SEARCH_USER_PATHS = NO;
				CLANG_ANALYZER_NONNULL = YES;
				CLANG_CXX_LANGUAGE_STANDARD = "gnu++0x";
				CLANG_CXX_LIBRARY = "libc++";
				CLANG_ENABLE_MODULES = YES;
				CLANG_ENABLE_OBJC_ARC = YES;
				CLANG_WARN_BOOL_CONVERSION = YES;
				CLANG_WARN_CONSTANT_CONVERSION = YES;
				CLANG_WARN_DIRECT_OBJC_ISA_USAGE = YES_ERROR;
				CLANG_WARN_DOCUMENTATION_COMMENTS = YES;
				CLANG_WARN_EMPTY_BODY = YES;
				CLANG_WARN_ENUM_CONVERSION = YES;
				CLANG_WARN_INFINITE_RECURSION = YES;
				CLANG_WARN_INT_CONVERSION = YES;
				CLANG_WARN_OBJC_ROOT_CLASS = YES_ERROR;
				CLANG_WARN_SUSPICIOUS_MOVES = YES;
				CLANG_WARN_UNREACHABLE_CODE = YES;
				CLANG_WARN__DUPLICATE_METHOD_MATCH = YES;
				"CODE_SIGN_IDENTITY[sdk=iphoneos*]" = "iPhone Developer";
				COPY_PHASE_STRIP = NO;
				DEBUG_INFORMATION_FORMAT = "dwarf-with-dsym";
				ENABLE_NS_ASSERTIONS = NO;
				ENABLE_STRICT_OBJC_MSGSEND = YES;
				GCC_C_LANGUAGE_STANDARD = gnu99;
				GCC_NO_COMMON_BLOCKS = YES;
				GCC_WARN_64_TO_32_BIT_CONVERSION = YES;
				GCC_WARN_ABOUT_RETURN_TYPE = YES_ERROR;
				GCC_WARN_UNDECLARED_SELECTOR = YES;
				GCC_WARN_UNINITIALIZED_AUTOS = YES_AGGRESSIVE;
				GCC_WARN_UNUSED_FUNCTION = YES;
				GCC_WARN_UNUSED_VARIABLE = YES;
				IPHONEOS_DEPLOYMENT_TARGET = 8.0;
				MTL_ENABLE_DEBUG_INFO = NO;
				SDKROOT = iphoneos;
				VALIDATE_PRODUCT = YES;
			};
			name = Release;
		};
		295FCBCF1E55A220008DBEE7 /* Debug */ = {
			isa = XCBuildConfiguration;
			baseConfigurationReference = 8611810649205B2580D8C87A /* Pods-DQPlayer.debug.xcconfig */;
			buildSettings = {
				ASSETCATALOG_COMPILER_APPICON_NAME = AppIcon;
				DEVELOPMENT_TEAM = T97J2352DH;
				INFOPLIST_FILE = DQPlayer/Info.plist;
				IPHONEOS_DEPLOYMENT_TARGET = 8.0;
				LD_RUNPATH_SEARCH_PATHS = "$(inherited) @executable_path/Frameworks";
				PRODUCT_BUNDLE_IDENTIFIER = com.lzq.DQPlayer;
				PRODUCT_NAME = "$(TARGET_NAME)";
			};
			name = Debug;
		};
		295FCBD01E55A220008DBEE7 /* Release */ = {
			isa = XCBuildConfiguration;
			baseConfigurationReference = 07942CF59C52DCB9529F340F /* Pods-DQPlayer.release.xcconfig */;
			buildSettings = {
				ASSETCATALOG_COMPILER_APPICON_NAME = AppIcon;
				DEVELOPMENT_TEAM = T97J2352DH;
				INFOPLIST_FILE = DQPlayer/Info.plist;
				IPHONEOS_DEPLOYMENT_TARGET = 8.0;
				LD_RUNPATH_SEARCH_PATHS = "$(inherited) @executable_path/Frameworks";
				PRODUCT_BUNDLE_IDENTIFIER = com.lzq.DQPlayer;
				PRODUCT_NAME = "$(TARGET_NAME)";
			};
			name = Release;
		};
/* End XCBuildConfiguration section */

/* Begin XCConfigurationList section */
		295FCBAF1E55A220008DBEE7 /* Build configuration list for PBXProject "DQPlayer" */ = {
			isa = XCConfigurationList;
			buildConfigurations = (
				295FCBCC1E55A220008DBEE7 /* Debug */,
				295FCBCD1E55A220008DBEE7 /* Release */,
			);
			defaultConfigurationIsVisible = 0;
			defaultConfigurationName = Release;
		};
		295FCBCE1E55A220008DBEE7 /* Build configuration list for PBXNativeTarget "DQPlayer" */ = {
			isa = XCConfigurationList;
			buildConfigurations = (
				295FCBCF1E55A220008DBEE7 /* Debug */,
				295FCBD01E55A220008DBEE7 /* Release */,
			);
			defaultConfigurationIsVisible = 0;
			defaultConfigurationName = Release;
		};
/* End XCConfigurationList section */

/* Begin XCVersionGroup section */
		295FCBC31E55A220008DBEE7 /* DQPlayer.xcdatamodeld */ = {
			isa = XCVersionGroup;
			children = (
				295FCBC41E55A220008DBEE7 /* DQPlayer.xcdatamodel */,
			);
			currentVersion = 295FCBC41E55A220008DBEE7 /* DQPlayer.xcdatamodel */;
			path = DQPlayer.xcdatamodeld;
			sourceTree = "<group>";
			versionGroupType = wrapper.xcdatamodel;
		};
/* End XCVersionGroup section */
	};
	rootObject = 295FCBAC1E55A220008DBEE7 /* Project object */;
}
